
Microsoft Visual Studio Solution File, Format Version 12.00
# Visual Studio 15
VisualStudioVersion = 15.0.28107.0
MinimumVisualStudioVersion = 10.0.40219.1
Project("{FAE04EC0-301F-11D3-BF4B-00C04F79EFBC}") = "DrunkDoodle.Server", "DrunkDoodle.Server\DrunkDoodle.Server.csproj", "{888A67AE-2F61-47C3-AA1A-739352D3DB9B}"
EndProject
Global
	GlobalSection(SolutionConfigurationPlatforms) = preSolution
		Debug|Any CPU = Debug|Any CPU
		Release|Any CPU = Release|Any CPU
	EndGlobalSection
	GlobalSection(ProjectConfigurationPlatforms) = postSolution
		{0E04251D-B4FB-4867-B0B6-6ACF88C22B48}.Debug|Any CPU.ActiveCfg = Debug|Any CPU
		{0E04251D-B4FB-4867-B0B6-6ACF88C22B48}.Debug|Any CPU.Build.0 = Debug|Any CPU
		{0E04251D-B4FB-4867-B0B6-6ACF88C22B48}.Release|Any CPU.ActiveCfg = Release|Any CPU
		{0E04251D-B4FB-4867-B0B6-6ACF88C22B48}.Release|Any CPU.Build.0 = Release|Any CPU
		{888A67AE-2F61-47C3-AA1A-739352D3DB9B}.Debug|Any CPU.ActiveCfg = Debug|Any CPU
		{888A67AE-2F61-47C3-AA1A-739352D3DB9B}.Debug|Any CPU.Build.0 = Debug|Any CPU
		{888A67AE-2F61-47C3-AA1A-739352D3DB9B}.Release|Any CPU.ActiveCfg = Release|Any CPU
		{888A67AE-2F61-47C3-AA1A-739352D3DB9B}.Release|Any CPU.Build.0 = Release|Any CPU
	EndGlobalSection
	GlobalSection(SolutionProperties) = preSolution
		HideSolutionNode = FALSE
	EndGlobalSection
	GlobalSection(ExtensibilityGlobals) = postSolution
		SolutionGuid = {56514800-6E83-4C30-9B77-3FC7553910F0}
	EndGlobalSection
EndGlobal
